# Generated by buf. DO NOT EDIT.
version: v1
deps:
  - remote: buf.build
    owner: googleapis
    repository: googleapis
    commit: 956550bb90034be0b3b66367cc24ea79
  - remote: buf.build
    owner: tdex-network
    repository: tdex-daemon
    commit: 9436b2e053cd4931838ce463220763b0
  - remote: buf.build
    owner: tdex-network
    repository: tdex-protobuf
    commit: a08e397b5e3340428a229745328e28ed
