# Generated by buf. DO NOT EDIT.
version: v1
deps:
  - remote: buf.build
    owner: googleapis
    repository: googleapis
    branch: main
    commit: 4d76998125fd431dbc6468ea769e4490
    digest: b1-yBcIoGAhAVwu-PvwNdD4BIDudKugdjdrZUFVg9T2LTc=
    create_time: 2022-04-17T15:04:13.421808Z
  - remote: buf.build
    owner: tdex-network
    repository: tdex-daemon
    branch: main
    commit: 9436b2e053cd4931838ce463220763b0
    digest: b1-3p4GwtyEKRmlTt_WS2sJuwOcGTfZPhMIgCY_yxYKc_U=
    create_time: 2022-04-18T15:26:00.894326Z
  - remote: buf.build
    owner: tdex-network
    repository: tdex-protobuf
    branch: main
    commit: a08e397b5e3340428a229745328e28ed
    digest: b1-nHNVENMGzGKdSrupOGCes8fUk8kYOddTHKRKdTQEbng=
    create_time: 2022-04-11T16:23:31.561193Z
