# Generated by buf. DO NOT EDIT.
version: v1
deps:
  - remote: buf.build
    owner: googleapis
    repository: googleapis
    commit: e9fcfb66f77242e5b8fd4564d7a01033
  - remote: buf.build
    owner: tdex-network
    repository: tdex-daemon
    commit: f33892f934a54d408bc1849706ce62a8
  - remote: buf.build
    owner: tdex-network
    repository: tdex-protobuf
    commit: 8955df4a2d134e54bef46c8d13564cda
